
Microsoft Visual Studio Solution File, Format Version 12.00
# Visual Studio 15
VisualStudioVersion = 15.0.27130.2003
MinimumVisualStudioVersion = 10.0.40219.1
Project("{FAE04EC0-301F-11D3-BF4B-00C04F79EFBC}") = "MetanitSharp", "MetanitSharp\MetanitSharp.csproj", "{1F65DB6D-CDBA-481F-AEDA-CBF8926B797C}"
EndProject
Project("{FAE04EC0-301F-11D3-BF4B-00C04F79EFBC}") = "MetanitSharpLib", "MetanitSharpLib\MetanitSharpLib.csproj", "{B0C7D7F1-BAA4-403B-A455-559AEC18D81B}"
EndProject
Project("{FAE04EC0-301F-11D3-BF4B-00C04F79EFBC}") = "MetanitSharpIronPyton", "MetanitSharpIronPyton\MetanitSharpIronPyton.csproj", "{D11C8021-1ABA-499D-99B3-A2C552317794}"
EndProject
Project("{FAE04EC0-301F-11D3-BF4B-00C04F79EFBC}") = "MetanitSharpUnsafe", "MetanitSharpUnsafe\MetanitSharpUnsafe.csproj", "{10DCECC9-56F2-4F40-BEB8-A364AAC74A2B}"
EndProject
Project("{FAE04EC0-301F-11D3-BF4B-00C04F79EFBC}") = "MetanitSharpMutexSingle", "MetanitSharpMutexSingle\MetanitSharpMutexSingle.csproj", "{24A51098-FCA7-4647-9A4F-4F991B3852E6}"
EndProject
Global
	GlobalSection(SolutionConfigurationPlatforms) = preSolution
		Debug|Any CPU = Debug|Any CPU
		Release|Any CPU = Release|Any CPU
	EndGlobalSection
	GlobalSection(ProjectConfigurationPlatforms) = postSolution
		{1F65DB6D-CDBA-481F-AEDA-CBF8926B797C}.Debug|Any CPU.ActiveCfg = Debug|Any CPU
		{1F65DB6D-CDBA-481F-AEDA-CBF8926B797C}.Debug|Any CPU.Build.0 = Debug|Any CPU
		{1F65DB6D-CDBA-481F-AEDA-CBF8926B797C}.Release|Any CPU.ActiveCfg = Release|Any CPU
		{1F65DB6D-CDBA-481F-AEDA-CBF8926B797C}.Release|Any CPU.Build.0 = Release|Any CPU
		{B0C7D7F1-BAA4-403B-A455-559AEC18D81B}.Debug|Any CPU.ActiveCfg = Debug|Any CPU
		{B0C7D7F1-BAA4-403B-A455-559AEC18D81B}.Debug|Any CPU.Build.0 = Debug|Any CPU
		{B0C7D7F1-BAA4-403B-A455-559AEC18D81B}.Release|Any CPU.ActiveCfg = Release|Any CPU
		{B0C7D7F1-BAA4-403B-A455-559AEC18D81B}.Release|Any CPU.Build.0 = Release|Any CPU
		{D11C8021-1ABA-499D-99B3-A2C552317794}.Debug|Any CPU.ActiveCfg = Debug|Any CPU
		{D11C8021-1ABA-499D-99B3-A2C552317794}.Debug|Any CPU.Build.0 = Debug|Any CPU
		{D11C8021-1ABA-499D-99B3-A2C552317794}.Release|Any CPU.ActiveCfg = Release|Any CPU
		{D11C8021-1ABA-499D-99B3-A2C552317794}.Release|Any CPU.Build.0 = Release|Any CPU
		{10DCECC9-56F2-4F40-BEB8-A364AAC74A2B}.Debug|Any CPU.ActiveCfg = Debug|Any CPU
		{10DCECC9-56F2-4F40-BEB8-A364AAC74A2B}.Debug|Any CPU.Build.0 = Debug|Any CPU
		{10DCECC9-56F2-4F40-BEB8-A364AAC74A2B}.Release|Any CPU.ActiveCfg = Release|Any CPU
		{10DCECC9-56F2-4F40-BEB8-A364AAC74A2B}.Release|Any CPU.Build.0 = Release|Any CPU
		{24A51098-FCA7-4647-9A4F-4F991B3852E6}.Debug|Any CPU.ActiveCfg = Debug|Any CPU
		{24A51098-FCA7-4647-9A4F-4F991B3852E6}.Debug|Any CPU.Build.0 = Debug|Any CPU
		{24A51098-FCA7-4647-9A4F-4F991B3852E6}.Release|Any CPU.ActiveCfg = Release|Any CPU
		{24A51098-FCA7-4647-9A4F-4F991B3852E6}.Release|Any CPU.Build.0 = Release|Any CPU
	EndGlobalSection
	GlobalSection(SolutionProperties) = preSolution
		HideSolutionNode = FALSE
	EndGlobalSection
	GlobalSection(ExtensibilityGlobals) = postSolution
		SolutionGuid = {BDF4A3A9-B8F7-418A-BA3E-5B96EFD9192E}
	EndGlobalSection
EndGlobal
